
Microsoft Visual Studio Solution File, Format Version 12.00
# Visual Studio Version 17
VisualStudioVersion = 17.8.34330.188
MinimumVisualStudioVersion = 10.0.40219.1
Project("{FAE04EC0-301F-11D3-BF4B-00C04F79EFBC}") = "Kinderworx.ComponentResources.Keyvault", "Kinderworx.ComponentResources.Keyvault.csproj", "{D7CFBB62-0776-480C-A5A1-6A833613ABE3}"
EndProject
Global
	GlobalSection(SolutionConfigurationPlatforms) = preSolution
		Debug|Any CPU = Debug|Any CPU
		Release|Any CPU = Release|Any CPU
	EndGlobalSection
	GlobalSection(ProjectConfigurationPlatforms) = postSolution
		{D7CFBB62-0776-480C-A5A1-6A833613ABE3}.Debug|Any CPU.ActiveCfg = Debug|Any CPU
		{D7CFBB62-0776-480C-A5A1-6A833613ABE3}.Debug|Any CPU.Build.0 = Debug|Any CPU
		{D7CFBB62-0776-480C-A5A1-6A833613ABE3}.Release|Any CPU.ActiveCfg = Release|Any CPU
		{D7CFBB62-0776-480C-A5A1-6A833613ABE3}.Release|Any CPU.Build.0 = Release|Any CPU
	EndGlobalSection
	GlobalSection(SolutionProperties) = preSolution
		HideSolutionNode = FALSE
	EndGlobalSection
	GlobalSection(ExtensibilityGlobals) = postSolution
		SolutionGuid = {95131419-4FD7-4FCE-8890-4BCFDD2972E0}
	EndGlobalSection
EndGlobal
